{
  "version": 4,
  "terraform_version": "1.6.5",
  "serial": 3,
  "lineage": "de8d0ea6-3b54-beff-735b-215c4110115e",
  "outputs": {
    "gke_cluster_name": {
      "value": "kcc-test-7207",
      "type": "string"
    },
    "instance_cluster_name": {
      "value": "Instância GCE foi criada com um cluster Minikube configurado.",
      "type": "string"
    }
  },
  "resources": [
    {
      "module": "module.gce_instance",
      "mode": "managed",
      "type": "google_compute_instance",
      "name": "gce_instance",
      "provider": "provider[\"registry.terraform.io/hashicorp/google\"]",
      "instances": [
        {
          "schema_version": 6,
          "attributes": {
            "advanced_machine_features": [],
            "allow_stopping_for_update": null,
            "attached_disk": [],
            "boot_disk": [
              {
                "auto_delete": true,
                "device_name": "persistent-disk-0",
                "disk_encryption_key_raw": "",
                "disk_encryption_key_sha256": "",
                "initialize_params": [
                  {
                    "image": "https://www.googleapis.com/compute/v1/projects/debian-cloud/global/images/debian-12-bookworm-v20231115",
                    "labels": {},
                    "resource_manager_tags": null,
                    "size": 30,
                    "type": "pd-standard"
                  }
                ],
                "kms_key_self_link": "",
                "mode": "READ_WRITE",
                "source": "https://www.googleapis.com/compute/v1/projects/inlaid-theater-406815/zones/us-central1-c/disks/kcc-test-instance-7207"
              }
            ],
            "can_ip_forward": false,
            "confidential_instance_config": [],
            "cpu_platform": "AMD Rome",
            "current_status": "RUNNING",
            "deletion_protection": false,
            "description": "",
            "desired_status": null,
            "effective_labels": {},
            "enable_display": false,
            "guest_accelerator": [],
            "hostname": "",
            "id": "projects/inlaid-theater-406815/zones/us-central1-c/instances/kcc-test-instance-7207",
            "instance_id": "3034964537504413138",
            "label_fingerprint": "42WmSpB8rSM=",
            "labels": null,
            "machine_type": "e2-micro",
            "metadata": null,
            "metadata_fingerprint": "z3CKMyI7Hfs=",
            "metadata_startup_script": "#!/bin/bash\n\ncommand_exists() {\n  command -v \"$1\" \u003e/dev/null 2\u003e\u00261\n}\n\nstart_docker() {\n  if ! command_exists docker; then\n    echo \"Instaling Docker...\"\n    curl -fsSL https://get.docker.com -o get-docker.sh\n    sudo sh get-docker.sh\n    sudo usermod -aG docker $USER\n    rm get-docker.sh\n    echo \"Docker installed.\"\n  fi\n\n  if ! sudo systemctl is-active --quiet docker; then\n    echo \"Initiating Docker...\"\n    sudo systemctl start docker\n    echo \"Docker running.\"\n  else\n    echo \"Docker already running.\"\n  fi\n}\n\ncheck_docker_group() {\n  if ! groups | grep -q docker; then\n    echo \"Adding user to Docker group...\"\n    sudo usermod -aG docker $USER\n    echo \"User added to Docker group. Logout and login again or reset the system to set changes.\"\n  else\n    echo \"User already in Docker group.\"\n  fi\n}\n\nfix_docker_socket_permissions() {\n  if [ -S /var/run/docker.sock ]; then\n    echo \"Fixing Docker socket permissions...\"\n    sudo chmod 666 /var/run/docker.sock\n    echo \"Docker socket permissions fixed.\"\n  fi\n}\n\ninstall_kind() {\n  if ! command_exists kind; then\n    echo \"Instalando o Kind...\"\n    curl -Lo ./kind https://kind.sigs.k8s.io/dl/v0.20.0/kind-linux-amd64\n    chmod +x ./kind\n    sudo mv ./kind /usr/local/bin/kind\n    echo \"Kind installed.\"\n  else\n    echo \"Kind already on machine.\"\n  fi\n}\n\ninstall_kubectl() {\n  if ! command_exists kubectl; then\n    echo \"Instalando o kubectl...\"\n    sudo apt-get update\n    sudo apt-get install -y kubectl\n    echo \"kubectl fixed.\"\n  else\n    echo \"kubectl already on machine.\"\n  fi\n}\n\ncreate_kind_cluster() {\n  if command_exists kind; then\n    echo \"Creating a Kind cluster...\"\n    kind create cluster\n    kubectl cluster-info --context kind-kind\n    echo \"Cluster Kind sucesfully created.\"\n  else\n    echo \"An error occurred. Kind cluster not installed\"\n  fi\n}\n\nstart_docker\ncheck_docker_group\nfix_docker_socket_permissions\ninstall_kind\ninstall_kubectl\ncreate_kind_cluster\n\necho \"Script done.\"\n",
            "min_cpu_platform": "",
            "name": "kcc-test-instance-7207",
            "network_interface": [
              {
                "access_config": [
                  {
                    "nat_ip": "34.31.149.81",
                    "network_tier": "PREMIUM",
                    "public_ptr_domain_name": ""
                  }
                ],
                "alias_ip_range": [],
                "internal_ipv6_prefix_length": 0,
                "ipv6_access_config": [],
                "ipv6_access_type": "",
                "ipv6_address": "",
                "name": "nic0",
                "network": "https://www.googleapis.com/compute/v1/projects/inlaid-theater-406815/global/networks/default",
                "network_ip": "10.128.0.32",
                "nic_type": "",
                "queue_count": 0,
                "stack_type": "IPV4_ONLY",
                "subnetwork": "https://www.googleapis.com/compute/v1/projects/inlaid-theater-406815/regions/us-central1/subnetworks/default",
                "subnetwork_project": "inlaid-theater-406815"
              }
            ],
            "network_performance_config": [],
            "params": [],
            "project": "inlaid-theater-406815",
            "reservation_affinity": [],
            "resource_policies": null,
            "scheduling": [
              {
                "automatic_restart": true,
                "instance_termination_action": "",
                "local_ssd_recovery_timeout": [],
                "min_node_cpus": 0,
                "node_affinities": [],
                "on_host_maintenance": "MIGRATE",
                "preemptible": false,
                "provisioning_model": "STANDARD"
              }
            ],
            "scratch_disk": [],
            "self_link": "https://www.googleapis.com/compute/v1/projects/inlaid-theater-406815/zones/us-central1-c/instances/kcc-test-instance-7207",
            "service_account": [],
            "shielded_instance_config": [
              {
                "enable_integrity_monitoring": true,
                "enable_secure_boot": false,
                "enable_vtpm": true
              }
            ],
            "tags": null,
            "tags_fingerprint": "42WmSpB8rSM=",
            "terraform_labels": {},
            "timeouts": null,
            "zone": "us-central1-c"
          },
          "sensitive_attributes": [],
          "private": "eyJlMmJmYjczMC1lY2FhLTExZTYtOGY4OC0zNDM2M2JjN2M0YzAiOnsiY3JlYXRlIjoxMjAwMDAwMDAwMDAwLCJkZWxldGUiOjEyMDAwMDAwMDAwMDAsInVwZGF0ZSI6MTIwMDAwMDAwMDAwMH0sInNjaGVtYV92ZXJzaW9uIjoiNiJ9"
        }
      ]
    },
    {
      "module": "module.gke_cluster",
      "mode": "managed",
      "type": "google_container_cluster",
      "name": "gke_cluster",
      "provider": "provider[\"registry.terraform.io/hashicorp/google\"]",
      "instances": [
        {
          "schema_version": 2,
          "attributes": {
            "addons_config": [
              {
                "cloudrun_config": [],
                "config_connector_config": [],
                "dns_cache_config": [],
                "gce_persistent_disk_csi_driver_config": [
                  {
                    "enabled": true
                  }
                ],
                "gcp_filestore_csi_driver_config": [],
                "gcs_fuse_csi_driver_config": [],
                "gke_backup_agent_config": [],
                "horizontal_pod_autoscaling": [],
                "http_load_balancing": [],
                "network_policy_config": [
                  {
                    "disabled": true
                  }
                ]
              }
            ],
            "allow_net_admin": null,
            "authenticator_groups_config": [],
            "binary_authorization": [
              {
                "enabled": false,
                "evaluation_mode": ""
              }
            ],
            "cluster_autoscaling": [
              {
                "auto_provisioning_defaults": [],
                "enabled": false,
                "resource_limits": []
              }
            ],
            "cluster_ipv4_cidr": "10.116.0.0/14",
            "confidential_nodes": [],
            "cost_management_config": [],
            "database_encryption": [
              {
                "key_name": "",
                "state": "DECRYPTED"
              }
            ],
            "datapath_provider": "",
            "default_max_pods_per_node": 110,
            "default_snat_status": [
              {
                "disabled": false
              }
            ],
            "deletion_protection": false,
            "description": "",
            "dns_config": [],
            "enable_autopilot": false,
            "enable_intranode_visibility": false,
            "enable_k8s_beta_apis": [],
            "enable_kubernetes_alpha": false,
            "enable_l4_ilb_subsetting": false,
            "enable_legacy_abac": false,
            "enable_shielded_nodes": true,
            "enable_tpu": false,
            "endpoint": "34.28.102.169",
            "fleet": [],
            "gateway_api_config": [],
            "id": "projects/inlaid-theater-406815/locations/us-central1/clusters/kcc-test-7207",
            "identity_service_config": [],
            "initial_node_count": 0,
            "ip_allocation_policy": [
              {
                "additional_pod_ranges_config": [],
                "cluster_ipv4_cidr_block": "10.116.0.0/14",
                "cluster_secondary_range_name": "gke-kcc-test-7207-pods-b62099f7",
                "pod_cidr_overprovision_config": [
                  {
                    "disabled": false
                  }
                ],
                "services_ipv4_cidr_block": "10.120.0.0/20",
                "services_secondary_range_name": "gke-kcc-test-7207-services-b62099f7",
                "stack_type": "IPV4"
              }
            ],
            "label_fingerprint": "a9dc16a7",
            "location": "us-central1",
            "logging_config": [
              {
                "enable_components": [
                  "SYSTEM_COMPONENTS",
                  "WORKLOADS"
                ]
              }
            ],
            "logging_service": "logging.googleapis.com/kubernetes",
            "maintenance_policy": [],
            "master_auth": [
              {
                "client_certificate": "",
                "client_certificate_config": [
                  {
                    "issue_client_certificate": false
                  }
                ],
                "client_key": "",
                "cluster_ca_certificate": "LS0tLS1CRUdJTiBDRVJUSUZJQ0FURS0tLS0tCk1JSUVMVENDQXBXZ0F3SUJBZ0lSQUtuRzhTSVdaV3JKcSt6bG1BenhER3d3RFFZSktvWklodmNOQVFFTEJRQXcKTHpFdE1Dc0dBMVVFQXhNa05qazVNamxtTXpVdE9HSTVZeTAwWldVeExUaGtOakl0Tm1Wak9EZG1OamMzT0dJeQpNQ0FYRFRJek1USXhNREU0TURJeU1Gb1lEekl3TlRNeE1qQXlNVGt3TWpJd1dqQXZNUzB3S3dZRFZRUURFeVEyCk9Ua3lPV1l6TlMwNFlqbGpMVFJsWlRFdE9HUTJNaTAyWldNNE4yWTJOemM0WWpJd2dnR2lNQTBHQ1NxR1NJYjMKRFFFQkFRVUFBNElCandBd2dnR0tBb0lCZ1FDNW5OcEVZODQ1TXpCYTJxQy91eTc4UzBSYnZuMHVOZUVrTEJocApJdTV6WTh2TWF2LytOeDAvUmRWSzNvLzhnTHlnd3lOWFNqK2dtZGl2YjF2Mk02OUZ2TWdSVXhFbHhCd3d3MFpQCmZXcGtGY2s5TitZeG9uY2xqSDJvUndSbllhNXkvTFNORFM1a05zeWlwUXh1ZzNsWnBFTDZ5cUF6ZEk2RTgyNTgKazZIM3BrUEh1MzFqaHF1ejdDdVhXS1Z3TWFRZVgwcWNxUjBCUjA0ZE4rUHFXN2p0UTljTmg5YXFsdFBuWGY0Ygo4cVEzZnREQ090Z1FKM3hiTDQraVg5UnZTb3lLNmE0OWFoTUVhclhDZjVKSmJzTmpPUUIyZ25iNE5LaE1MckhGCndsZEVoRXNkWjNSY3FuZHdDRTJpSys4dUNQdUJYUnZBWjNUTWJsSmhNTDdBRGVld0hDK3R5OXVVbHIrVjdtZnIKMFhJZTYvdjMwRVN5SHl0R1pzbHpjai8xdFc0K1lqR3dNckxIb3VYWWpJR2J6RzdDR0VpQlQxb05mQTE4azEzNApPUHhzL3VDeEhrcnUweE1QaW9WT0RVakR4ellYTG9pSTdrWEczMk1DeWEyUUZsdnFXUFlzRkJYbThTckN3KzdyClV1dnN1VGIyajZoMWpNYVVOemJnTXZvRnZ2VUNBd0VBQWFOQ01FQXdEZ1lEVlIwUEFRSC9CQVFEQWdJRU1BOEcKQTFVZEV3RUIvd1FGTUFNQkFmOHdIUVlEVlIwT0JCWUVGRDFDdklPdDJmVFRnZkZaK1EweCticFdRb1E1TUEwRwpDU3FHU0liM0RRRUJDd1VBQTRJQmdRQ2Q5Ylo4aVE1QTVzTDdKSFJndENaVkFob0JDWEdqdGg2NEUwRDcrRFpBCkZ0eG1QNG10QVBiRXJ5bU1QYTdZQXQ5THoyNEo5dEhRK3JUVlNKZ3hZYkV1aTJYWnJwU0JpNDRSaXl5UUk1dHIKdkxQd0xWQ3Z3ZDFyTEkxL3JPNzFLSTJqZVkvVVNQK2s3UWRlWDJ1OFB3TGhYY1AzaW9reTI2UUIyZThrNUhoNQpHeXhnVlM1Mml1LzhydzJPVTRxdDl5WmNjWlZWU1Y4bmRGS01VZDZLMEtJVUMvckhKeERhdmMwc3V2Qmt2aGtNCkFiRjdERVJ0NVF5aVRNMjRPNlVSTVlZT28wY1J6bWk5U2lobSsrVEJBaVlPcWcvRXpGT0I1R24xTFZBb1Y4QzMKR09HYjNVNDdybXFDSEkyMml0YXVOR21FTWJMM0xQQjJNZUhTRlNFTGg4czczckRvZWwweUwxQ0ozbk51L3BIMwpTcHdxYkk1Wmo0YmFYQjhUWExZbnRXRG1SS2lXSFA4a21qdGFLVHg4NGpQM2g0S0VVS3NiNGRRUllvRTRURVU4CmMvQ1lvaTBvQjVGNWZ0eWcvTUxkSVdzMTlTTGRLc2tVVjMyd3Q0RDhkVmg4UVZQYW1KQjNJM1N3YjcxQ2g0aDcKWHBOQzFxWnY2MDBpMndrcXBTdmgrYkk9Ci0tLS0tRU5EIENFUlRJRklDQVRFLS0tLS0K"
              }
            ],
            "master_authorized_networks_config": [],
            "master_version": "1.27.3-gke.100",
            "mesh_certificates": [],
            "min_master_version": null,
            "monitoring_config": [
              {
                "advanced_datapath_observability_config": [
                  {
                    "enable_metrics": false,
                    "relay_mode": ""
                  }
                ],
                "enable_components": [
                  "SYSTEM_COMPONENTS"
                ],
                "managed_prometheus": [
                  {
                    "enabled": true
                  }
                ]
              }
            ],
            "monitoring_service": "monitoring.googleapis.com/kubernetes",
            "name": "kcc-test-7207",
            "network": "projects/inlaid-theater-406815/global/networks/default",
            "network_policy": [
              {
                "enabled": false,
                "provider": "PROVIDER_UNSPECIFIED"
              }
            ],
            "networking_mode": "VPC_NATIVE",
            "node_config": [
              {
                "advanced_machine_features": [],
                "boot_disk_kms_key": "",
                "confidential_nodes": [],
                "disk_size_gb": 100,
                "disk_type": "pd-balanced",
                "effective_taints": [],
                "ephemeral_storage_local_ssd_config": [],
                "fast_socket": [],
                "gcfs_config": [],
                "guest_accelerator": [],
                "gvnic": [],
                "host_maintenance_policy": [],
                "image_type": "COS_CONTAINERD",
                "kubelet_config": [],
                "labels": {},
                "linux_node_config": [],
                "local_nvme_ssd_block_config": [],
                "local_ssd_count": 0,
                "logging_variant": "DEFAULT",
                "machine_type": "e2-medium",
                "metadata": {
                  "disable-legacy-endpoints": "true"
                },
                "min_cpu_platform": "",
                "node_group": "",
                "oauth_scopes": [
                  "https://www.googleapis.com/auth/devstorage.read_only",
                  "https://www.googleapis.com/auth/logging.write",
                  "https://www.googleapis.com/auth/monitoring",
                  "https://www.googleapis.com/auth/service.management.readonly",
                  "https://www.googleapis.com/auth/servicecontrol",
                  "https://www.googleapis.com/auth/trace.append"
                ],
                "preemptible": false,
                "reservation_affinity": [],
                "resource_labels": {},
                "service_account": "default",
                "shielded_instance_config": [
                  {
                    "enable_integrity_monitoring": true,
                    "enable_secure_boot": false
                  }
                ],
                "sole_tenant_config": [],
                "spot": false,
                "tags": [],
                "taint": [],
                "workload_metadata_config": []
              }
            ],
            "node_locations": [
              "us-central1-a",
              "us-central1-b",
              "us-central1-f"
            ],
            "node_pool": [
              {
                "autoscaling": [],
                "initial_node_count": 0,
                "instance_group_urls": [
                  "https://www.googleapis.com/compute/v1/projects/inlaid-theater-406815/zones/us-central1-f/instanceGroupManagers/gke-kcc-test-7207-default-pool-679a8a51-grp",
                  "https://www.googleapis.com/compute/v1/projects/inlaid-theater-406815/zones/us-central1-a/instanceGroupManagers/gke-kcc-test-7207-default-pool-0ed3f754-grp",
                  "https://www.googleapis.com/compute/v1/projects/inlaid-theater-406815/zones/us-central1-b/instanceGroupManagers/gke-kcc-test-7207-default-pool-0d57db8a-grp"
                ],
                "managed_instance_group_urls": [
                  "https://www.googleapis.com/compute/v1/projects/inlaid-theater-406815/zones/us-central1-f/instanceGroups/gke-kcc-test-7207-default-pool-679a8a51-grp",
                  "https://www.googleapis.com/compute/v1/projects/inlaid-theater-406815/zones/us-central1-a/instanceGroups/gke-kcc-test-7207-default-pool-0ed3f754-grp",
                  "https://www.googleapis.com/compute/v1/projects/inlaid-theater-406815/zones/us-central1-b/instanceGroups/gke-kcc-test-7207-default-pool-0d57db8a-grp"
                ],
                "management": [
                  {
                    "auto_repair": true,
                    "auto_upgrade": true
                  }
                ],
                "max_pods_per_node": 110,
                "name": "default-pool",
                "name_prefix": "",
                "network_config": [
                  {
                    "create_pod_range": false,
                    "enable_private_nodes": false,
                    "pod_cidr_overprovision_config": [],
                    "pod_ipv4_cidr_block": "10.116.0.0/14",
                    "pod_range": "gke-kcc-test-7207-pods-b62099f7"
                  }
                ],
                "node_config": [
                  {
                    "advanced_machine_features": [],
                    "boot_disk_kms_key": "",
                    "confidential_nodes": [],
                    "disk_size_gb": 100,
                    "disk_type": "pd-balanced",
                    "effective_taints": [],
                    "ephemeral_storage_local_ssd_config": [],
                    "fast_socket": [],
                    "gcfs_config": [],
                    "guest_accelerator": [],
                    "gvnic": [],
                    "host_maintenance_policy": [],
                    "image_type": "COS_CONTAINERD",
                    "kubelet_config": [],
                    "labels": {},
                    "linux_node_config": [],
                    "local_nvme_ssd_block_config": [],
                    "local_ssd_count": 0,
                    "logging_variant": "DEFAULT",
                    "machine_type": "e2-medium",
                    "metadata": {
                      "disable-legacy-endpoints": "true"
                    },
                    "min_cpu_platform": "",
                    "node_group": "",
                    "oauth_scopes": [
                      "https://www.googleapis.com/auth/devstorage.read_only",
                      "https://www.googleapis.com/auth/logging.write",
                      "https://www.googleapis.com/auth/monitoring",
                      "https://www.googleapis.com/auth/service.management.readonly",
                      "https://www.googleapis.com/auth/servicecontrol",
                      "https://www.googleapis.com/auth/trace.append"
                    ],
                    "preemptible": false,
                    "reservation_affinity": [],
                    "resource_labels": {},
                    "service_account": "default",
                    "shielded_instance_config": [
                      {
                        "enable_integrity_monitoring": true,
                        "enable_secure_boot": false
                      }
                    ],
                    "sole_tenant_config": [],
                    "spot": false,
                    "tags": [],
                    "taint": [],
                    "workload_metadata_config": []
                  }
                ],
                "node_count": 0,
                "node_locations": [
                  "us-central1-a",
                  "us-central1-b",
                  "us-central1-f"
                ],
                "placement_policy": [],
                "upgrade_settings": [
                  {
                    "blue_green_settings": [],
                    "max_surge": 1,
                    "max_unavailable": 0,
                    "strategy": "SURGE"
                  }
                ],
                "version": "1.27.3-gke.100"
              }
            ],
            "node_pool_auto_config": [],
            "node_pool_defaults": [
              {
                "node_config_defaults": [
                  {
                    "logging_variant": "DEFAULT"
                  }
                ]
              }
            ],
            "node_version": "1.27.3-gke.100",
            "notification_config": [
              {
                "pubsub": [
                  {
                    "enabled": false,
                    "filter": [],
                    "topic": ""
                  }
                ]
              }
            ],
            "operation": null,
            "private_cluster_config": [
              {
                "enable_private_endpoint": false,
                "enable_private_nodes": false,
                "master_global_access_config": [
                  {
                    "enabled": false
                  }
                ],
                "master_ipv4_cidr_block": "",
                "peering_name": "",
                "private_endpoint": "10.128.0.33",
                "private_endpoint_subnetwork": "",
                "public_endpoint": "34.28.102.169"
              }
            ],
            "private_ipv6_google_access": "",
            "project": "inlaid-theater-406815",
            "release_channel": [
              {
                "channel": "REGULAR"
              }
            ],
            "remove_default_node_pool": null,
            "resource_labels": null,
            "resource_usage_export_config": [],
            "security_posture_config": [
              {
                "mode": "BASIC",
                "vulnerability_mode": "VULNERABILITY_MODE_UNSPECIFIED"
              }
            ],
            "self_link": "https://container.googleapis.com/v1/projects/inlaid-theater-406815/locations/us-central1/clusters/kcc-test-7207",
            "service_external_ips_config": [
              {
                "enabled": false
              }
            ],
            "services_ipv4_cidr": "10.120.0.0/20",
            "subnetwork": "projects/inlaid-theater-406815/regions/us-central1/subnetworks/default",
            "timeouts": null,
            "tpu_ipv4_cidr_block": "",
            "vertical_pod_autoscaling": [],
            "workload_identity_config": []
          },
          "sensitive_attributes": [],
          "private": "eyJlMmJmYjczMC1lY2FhLTExZTYtOGY4OC0zNDM2M2JjN2M0YzAiOnsiY3JlYXRlIjoyNDAwMDAwMDAwMDAwLCJkZWxldGUiOjI0MDAwMDAwMDAwMDAsInJlYWQiOjI0MDAwMDAwMDAwMDAsInVwZGF0ZSI6MzYwMDAwMDAwMDAwMH0sInNjaGVtYV92ZXJzaW9uIjoiMiJ9"
        }
      ]
    }
  ],
  "check_results": null
}
