{
  "version": 4,
  "terraform_version": "1.6.5",
  "serial": 3,
  "lineage": "515b4e0b-2e51-52f4-8044-3b1267d7156b",
  "outputs": {
    "gke_cluster_name": {
      "value": "kcc-test-7295",
      "type": "string"
    }
  },
  "resources": [
    {
      "module": "module.gke_cluster",
      "mode": "managed",
      "type": "google_container_cluster",
      "name": "gke_cluster",
      "provider": "provider[\"registry.terraform.io/hashicorp/google\"]",
      "instances": [
        {
          "schema_version": 2,
          "attributes": {
            "addons_config": [
              {
                "cloudrun_config": [],
                "config_connector_config": [],
                "dns_cache_config": [],
                "gce_persistent_disk_csi_driver_config": [
                  {
                    "enabled": true
                  }
                ],
                "gcp_filestore_csi_driver_config": [],
                "gcs_fuse_csi_driver_config": [],
                "gke_backup_agent_config": [],
                "horizontal_pod_autoscaling": [],
                "http_load_balancing": [],
                "network_policy_config": [
                  {
                    "disabled": true
                  }
                ]
              }
            ],
            "allow_net_admin": null,
            "authenticator_groups_config": [],
            "binary_authorization": [
              {
                "enabled": false,
                "evaluation_mode": ""
              }
            ],
            "cluster_autoscaling": [
              {
                "auto_provisioning_defaults": [],
                "enabled": false,
                "resource_limits": []
              }
            ],
            "cluster_ipv4_cidr": "10.24.0.0/14",
            "confidential_nodes": [],
            "cost_management_config": [],
            "database_encryption": [
              {
                "key_name": "",
                "state": "DECRYPTED"
              }
            ],
            "datapath_provider": "",
            "default_max_pods_per_node": 110,
            "default_snat_status": [
              {
                "disabled": false
              }
            ],
            "deletion_protection": true,
            "description": "",
            "dns_config": [],
            "enable_autopilot": false,
            "enable_intranode_visibility": false,
            "enable_k8s_beta_apis": [],
            "enable_kubernetes_alpha": false,
            "enable_l4_ilb_subsetting": false,
            "enable_legacy_abac": false,
            "enable_shielded_nodes": true,
            "enable_tpu": false,
            "endpoint": "35.193.170.105",
            "fleet": [],
            "gateway_api_config": [],
            "id": "projects/inlaid-theater-406815/locations/us-central1/clusters/kcc-test-7295",
            "identity_service_config": [],
            "initial_node_count": 0,
            "ip_allocation_policy": [
              {
                "additional_pod_ranges_config": [],
                "cluster_ipv4_cidr_block": "10.24.0.0/14",
                "cluster_secondary_range_name": "gke-kcc-test-7295-pods-bff73ca3",
                "pod_cidr_overprovision_config": [
                  {
                    "disabled": false
                  }
                ],
                "services_ipv4_cidr_block": "10.28.0.0/20",
                "services_secondary_range_name": "gke-kcc-test-7295-services-bff73ca3",
                "stack_type": "IPV4"
              }
            ],
            "label_fingerprint": "a9dc16a7",
            "location": "us-central1",
            "logging_config": [
              {
                "enable_components": [
                  "SYSTEM_COMPONENTS",
                  "WORKLOADS"
                ]
              }
            ],
            "logging_service": "logging.googleapis.com/kubernetes",
            "maintenance_policy": [],
            "master_auth": [
              {
                "client_certificate": "",
                "client_certificate_config": [
                  {
                    "issue_client_certificate": false
                  }
                ],
                "client_key": "",
                "cluster_ca_certificate": "LS0tLS1CRUdJTiBDRVJUSUZJQ0FURS0tLS0tCk1JSUVMRENDQXBTZ0F3SUJBZ0lRUG9yeDc0TXhHZWpyVThFaFBFeXM3VEFOQmdrcWhraUc5dzBCQVFzRkFEQXYKTVMwd0t3WURWUVFERXlRM09XVTBZV1ZpWlMwek5UWmhMVFF3TTJNdFlURTVNUzAzT1RVeU1HWmtOekl4WlRZdwpJQmNOTWpNeE1qQTBNakkwTVRJeFdoZ1BNakExTXpFeE1qWXlNelF4TWpGYU1DOHhMVEFyQmdOVkJBTVRKRGM1ClpUUmhaV0psTFRNMU5tRXROREF6WXkxaE1Ua3hMVGM1TlRJd1ptUTNNakZsTmpDQ0FhSXdEUVlKS29aSWh2Y04KQVFFQkJRQURnZ0dQQURDQ0FZb0NnZ0dCQVB2OW9EcTBRaHJNbkNqNS90aytpLzZNcGQyV21EcTRvenQ0cFVCcwpSUmxsNFV1bTA0RjF5dVVRZTN6MWIzRVRldStzNG5RaVc4dWZ4UTZpVkQ0b2Zzem1xVzcrTHFGQk1NSFZSek02CnZYZGgrTXpoU3Q1aStqbUxlU1RjKzA5SHJ6S0Z0YUF3aEhlMXhBSUo4ZVF2bGlqbzBDT1Z3QmRWQjhBZFRzOXUKd2N2VVAyaVQ1SkJRd2czVXh1dTlxUTZubGhqMjFCRDhQclppYUltYUEyTkJiNVM1b1ZwTmJUeHNhck00Z3pMVwpBL3hFQ3FNVHgvVVoySTVUZXhGRnN6ZXZhR05WVjM3dW95eXBUMUl4RFNpZkZXZXg1S3ZPWnUrdDhKTG9MUjluCjVyRExpOGNPLzdpekM1MzJJUGZYbkhlMVd1M2pVUU9NZVRLS1pHeUhDcy9Yd0VwTXYrLzRMcjg4dkNZUlBqSTUKSUtQdDZsZ3JIYzNZbkFFQU9hMzdOeXJpZkNYc0YvUnUyM3d1bExtcEhib1dSLzdWMkZwR2NtNHVtVkcza2ZGNApkVjAzbUM3b0RRdlBLdkJHMDVCUVFiVmJvSWxtWDJKancxbWtlUHlqVVdZQ1UxYkF3L0hxVmkrRWprcTJ3cmFZClpPU2RVbHFzMEN6UFBXMUZGNWJHRXI4dFF3SURBUUFCbzBJd1FEQU9CZ05WSFE4QkFmOEVCQU1DQWdRd0R3WUQKVlIwVEFRSC9CQVV3QXdFQi96QWRCZ05WSFE0RUZnUVVudzhXdDNTUEdXUWlJek91bERQS1lpcTd4cVl3RFFZSgpLb1pJaHZjTkFRRUxCUUFEZ2dHQkFDRW90NVpIMFdySHNWWjJHNkU5UDdjODVjWkpxTUhWZHlWai85eEtpZmhXCjlVM1lGL1V5UUVwOVhQYmhidzJ3djJjY1pDM1FqaEY1SGlnVXNYam1ibUlSRTZnOEs4eFpJWnRuYkJYVGFuUWYKNG1adkh1MEFNSEpaa2gwaG5uWUd2eE5meVdRZmxBTnFrcGhTdE5GZmpxQkVvUHlvMVVWSGdCRnVPWGNTeFJJSApkZFJpZnhvMHZWSFd2Vmkza2FWUDZRbERrc0tQbE91ZWViVmI0TDlrUFRsVTFtNnpENE1MNjRwOUN6dGwyWFA1CjdMZURPWWZSSzFjSDZEOGNmZTh4VmQyRmlDbU1TMFVvRDJxanlBNkMvRmhIcS9UamV6Y0pSRm9PZFFwQ01BZ2IKTjlpcElYcU9WaVBqWUg5eTA5cmZ1OHRvZTY0eHBiK29xdDRRNzlzcmVhN2hQcTMybi85TVYzZitBajd5d3QwSApLRWRJc3NNZml6UVN1aW1BYmh4MStKdlo1WjdBbFdHUEd3UG0ycWlWZ3MrK1ZrcTVRNTlacFNHa3N2MnF0ZUlZCnB1SFpoTnVtMm1wOGx5TndjRXE4L1NsTFpDSGJHRXhSQktjeEtTNnlOYmJmRGN1aXRVNVdvMnl6dlFlV1dNSS8KQUFwQkRDTVloMFFXT285VXMwK1Rtdz09Ci0tLS0tRU5EIENFUlRJRklDQVRFLS0tLS0K"
              }
            ],
            "master_authorized_networks_config": [],
            "master_version": "1.27.3-gke.100",
            "mesh_certificates": [],
            "min_master_version": null,
            "monitoring_config": [
              {
                "advanced_datapath_observability_config": [
                  {
                    "enable_metrics": false,
                    "relay_mode": ""
                  }
                ],
                "enable_components": [
                  "SYSTEM_COMPONENTS"
                ],
                "managed_prometheus": [
                  {
                    "enabled": true
                  }
                ]
              }
            ],
            "monitoring_service": "monitoring.googleapis.com/kubernetes",
            "name": "kcc-test-7295",
            "network": "projects/inlaid-theater-406815/global/networks/default",
            "network_policy": [
              {
                "enabled": false,
                "provider": "PROVIDER_UNSPECIFIED"
              }
            ],
            "networking_mode": "VPC_NATIVE",
            "node_config": [
              {
                "advanced_machine_features": [],
                "boot_disk_kms_key": "",
                "confidential_nodes": [],
                "disk_size_gb": 100,
                "disk_type": "pd-balanced",
                "effective_taints": [],
                "ephemeral_storage_local_ssd_config": [],
                "fast_socket": [],
                "gcfs_config": [],
                "guest_accelerator": [],
                "gvnic": [],
                "host_maintenance_policy": [],
                "image_type": "COS_CONTAINERD",
                "kubelet_config": [],
                "labels": {},
                "linux_node_config": [],
                "local_nvme_ssd_block_config": [],
                "local_ssd_count": 0,
                "logging_variant": "DEFAULT",
                "machine_type": "e2-medium",
                "metadata": {
                  "disable-legacy-endpoints": "true"
                },
                "min_cpu_platform": "",
                "node_group": "",
                "oauth_scopes": [
                  "https://www.googleapis.com/auth/devstorage.read_only",
                  "https://www.googleapis.com/auth/logging.write",
                  "https://www.googleapis.com/auth/monitoring",
                  "https://www.googleapis.com/auth/service.management.readonly",
                  "https://www.googleapis.com/auth/servicecontrol",
                  "https://www.googleapis.com/auth/trace.append"
                ],
                "preemptible": false,
                "reservation_affinity": [],
                "resource_labels": {},
                "service_account": "default",
                "shielded_instance_config": [
                  {
                    "enable_integrity_monitoring": true,
                    "enable_secure_boot": false
                  }
                ],
                "sole_tenant_config": [],
                "spot": false,
                "tags": [],
                "taint": [],
                "workload_metadata_config": []
              }
            ],
            "node_locations": [
              "us-central1-a",
              "us-central1-c",
              "us-central1-f"
            ],
            "node_pool": [
              {
                "autoscaling": [],
                "initial_node_count": 0,
                "instance_group_urls": [
                  "https://www.googleapis.com/compute/v1/projects/inlaid-theater-406815/zones/us-central1-f/instanceGroupManagers/gke-kcc-test-7295-default-pool-8cd1c8f7-grp",
                  "https://www.googleapis.com/compute/v1/projects/inlaid-theater-406815/zones/us-central1-c/instanceGroupManagers/gke-kcc-test-7295-default-pool-16574b88-grp",
                  "https://www.googleapis.com/compute/v1/projects/inlaid-theater-406815/zones/us-central1-a/instanceGroupManagers/gke-kcc-test-7295-default-pool-3eb1b693-grp"
                ],
                "managed_instance_group_urls": [
                  "https://www.googleapis.com/compute/v1/projects/inlaid-theater-406815/zones/us-central1-f/instanceGroups/gke-kcc-test-7295-default-pool-8cd1c8f7-grp",
                  "https://www.googleapis.com/compute/v1/projects/inlaid-theater-406815/zones/us-central1-c/instanceGroups/gke-kcc-test-7295-default-pool-16574b88-grp",
                  "https://www.googleapis.com/compute/v1/projects/inlaid-theater-406815/zones/us-central1-a/instanceGroups/gke-kcc-test-7295-default-pool-3eb1b693-grp"
                ],
                "management": [
                  {
                    "auto_repair": true,
                    "auto_upgrade": true
                  }
                ],
                "max_pods_per_node": 110,
                "name": "default-pool",
                "name_prefix": "",
                "network_config": [
                  {
                    "create_pod_range": false,
                    "enable_private_nodes": false,
                    "pod_cidr_overprovision_config": [],
                    "pod_ipv4_cidr_block": "10.24.0.0/14",
                    "pod_range": "gke-kcc-test-7295-pods-bff73ca3"
                  }
                ],
                "node_config": [
                  {
                    "advanced_machine_features": [],
                    "boot_disk_kms_key": "",
                    "confidential_nodes": [],
                    "disk_size_gb": 100,
                    "disk_type": "pd-balanced",
                    "effective_taints": [],
                    "ephemeral_storage_local_ssd_config": [],
                    "fast_socket": [],
                    "gcfs_config": [],
                    "guest_accelerator": [],
                    "gvnic": [],
                    "host_maintenance_policy": [],
                    "image_type": "COS_CONTAINERD",
                    "kubelet_config": [],
                    "labels": {},
                    "linux_node_config": [],
                    "local_nvme_ssd_block_config": [],
                    "local_ssd_count": 0,
                    "logging_variant": "DEFAULT",
                    "machine_type": "e2-medium",
                    "metadata": {
                      "disable-legacy-endpoints": "true"
                    },
                    "min_cpu_platform": "",
                    "node_group": "",
                    "oauth_scopes": [
                      "https://www.googleapis.com/auth/devstorage.read_only",
                      "https://www.googleapis.com/auth/logging.write",
                      "https://www.googleapis.com/auth/monitoring",
                      "https://www.googleapis.com/auth/service.management.readonly",
                      "https://www.googleapis.com/auth/servicecontrol",
                      "https://www.googleapis.com/auth/trace.append"
                    ],
                    "preemptible": false,
                    "reservation_affinity": [],
                    "resource_labels": {},
                    "service_account": "default",
                    "shielded_instance_config": [
                      {
                        "enable_integrity_monitoring": true,
                        "enable_secure_boot": false
                      }
                    ],
                    "sole_tenant_config": [],
                    "spot": false,
                    "tags": [],
                    "taint": [],
                    "workload_metadata_config": []
                  }
                ],
                "node_count": 0,
                "node_locations": [
                  "us-central1-a",
                  "us-central1-c",
                  "us-central1-f"
                ],
                "placement_policy": [],
                "upgrade_settings": [
                  {
                    "blue_green_settings": [],
                    "max_surge": 1,
                    "max_unavailable": 0,
                    "strategy": "SURGE"
                  }
                ],
                "version": "1.27.3-gke.100"
              }
            ],
            "node_pool_auto_config": [],
            "node_pool_defaults": [
              {
                "node_config_defaults": [
                  {
                    "logging_variant": "DEFAULT"
                  }
                ]
              }
            ],
            "node_version": "1.27.3-gke.100",
            "notification_config": [
              {
                "pubsub": [
                  {
                    "enabled": false,
                    "filter": [],
                    "topic": ""
                  }
                ]
              }
            ],
            "operation": null,
            "private_cluster_config": [
              {
                "enable_private_endpoint": false,
                "enable_private_nodes": false,
                "master_global_access_config": [
                  {
                    "enabled": false
                  }
                ],
                "master_ipv4_cidr_block": "",
                "peering_name": "",
                "private_endpoint": "10.128.0.3",
                "private_endpoint_subnetwork": "",
                "public_endpoint": "35.193.170.105"
              }
            ],
            "private_ipv6_google_access": "",
            "project": "inlaid-theater-406815",
            "release_channel": [
              {
                "channel": "REGULAR"
              }
            ],
            "remove_default_node_pool": null,
            "resource_labels": null,
            "resource_usage_export_config": [],
            "security_posture_config": [
              {
                "mode": "BASIC",
                "vulnerability_mode": "VULNERABILITY_MODE_UNSPECIFIED"
              }
            ],
            "self_link": "https://container.googleapis.com/v1/projects/inlaid-theater-406815/locations/us-central1/clusters/kcc-test-7295",
            "service_external_ips_config": [
              {
                "enabled": false
              }
            ],
            "services_ipv4_cidr": "10.28.0.0/20",
            "subnetwork": "projects/inlaid-theater-406815/regions/us-central1/subnetworks/default",
            "timeouts": null,
            "tpu_ipv4_cidr_block": "",
            "vertical_pod_autoscaling": [],
            "workload_identity_config": []
          },
          "sensitive_attributes": [],
          "private": "eyJlMmJmYjczMC1lY2FhLTExZTYtOGY4OC0zNDM2M2JjN2M0YzAiOnsiY3JlYXRlIjoyNDAwMDAwMDAwMDAwLCJkZWxldGUiOjI0MDAwMDAwMDAwMDAsInJlYWQiOjI0MDAwMDAwMDAwMDAsInVwZGF0ZSI6MzYwMDAwMDAwMDAwMH0sInNjaGVtYV92ZXJzaW9uIjoiMiJ9"
        }
      ]
    }
  ],
  "check_results": null
}
